// !$*UTF8*$!
{
	archiveVersion = 1;
	classes = {
	};
	objectVersion = 50;
	objects = {

/* Begin PBXBuildFile section */
		07C2F93E2591371D00CBE864 /* Localizable.strings in Resources */ = {isa = PBXBuildFile; fileRef = 07C2F9402591371D00CBE864 /* Localizable.strings */; };
		D37022F9234FDB9500AD1B22 /* AppDelegate.swift in Sources */ = {isa = PBXBuildFile; fileRef = D37022F8234FDB9500AD1B22 /* AppDelegate.swift */; };
		D37022FB234FDB9500AD1B22 /* SceneDelegate.swift in Sources */ = {isa = PBXBuildFile; fileRef = D37022FA234FDB9500AD1B22 /* SceneDelegate.swift */; };
		D37022FD234FDB9500AD1B22 /* ViewController.swift in Sources */ = {isa = PBXBuildFile; fileRef = D37022FC234FDB9500AD1B22 /* ViewController.swift */; };
		D3702300234FDB9600AD1B22 /* Main.storyboard in Resources */ = {isa = PBXBuildFile; fileRef = D37022FE234FDB9600AD1B22 /* Main.storyboard */; };
		D3702302234FDBCE00AD1B22 /* Assets.xcassets in Resources */ = {isa = PBXBuildFile; fileRef = D3702301234FDBCE00AD1B22 /* Assets.xcassets */; };
		D3702305234FDBCE00AD1B22 /* LaunchScreen.storyboard in Resources */ = {isa = PBXBuildFile; fileRef = D3702303234FDBCE00AD1B22 /* LaunchScreen.storyboard */; };
/* End PBXBuildFile section */

/* Begin PBXFileReference section */
		0715ADD925ADFBA100E33AB8 /* en */ = {isa = PBXFileReference; lastKnownFileType = text.plist.strings; name = en; path = en.lproj/Main.strings; sourceTree = "<group>"; };
		07C2F938259134D600CBE864 /* es-419 */ = {isa = PBXFileReference; lastKnownFileType = text.plist.strings; name = "es-419"; path = "es-419.lproj/Main.strings"; sourceTree = "<group>"; };
		07C2F939259134D600CBE864 /* es-419 */ = {isa = PBXFileReference; lastKnownFileType = text.plist.strings; name = "es-419"; path = "es-419.lproj/LaunchScreen.strings"; sourceTree = "<group>"; };
		07C2F93F2591371D00CBE864 /* en */ = {isa = PBXFileReference; lastKnownFileType = text.plist.strings; name = en; path = en.lproj/Localizable.strings; sourceTree = "<group>"; };
		07C2F9422591373E00CBE864 /* es-419 */ = {isa = PBXFileReference; lastKnownFileType = text.plist.strings; name = "es-419"; path = "es-419.lproj/Localizable.strings"; sourceTree = "<group>"; };
		D37022F5234FDB9500AD1B22 /* Celsiusheit.app */ = {isa = PBXFileReference; explicitFileType = wrapper.application; includeInIndex = 0; path = Celsiusheit.app; sourceTree = BUILT_PRODUCTS_DIR; };
		D37022F8234FDB9500AD1B22 /* AppDelegate.swift */ = {isa = PBXFileReference; lastKnownFileType = sourcecode.swift; path = AppDelegate.swift; sourceTree = "<group>"; };
		D37022FA234FDB9500AD1B22 /* SceneDelegate.swift */ = {isa = PBXFileReference; lastKnownFileType = sourcecode.swift; path = SceneDelegate.swift; sourceTree = "<group>"; };
		D37022FC234FDB9500AD1B22 /* ViewController.swift */ = {isa = PBXFileReference; lastKnownFileType = sourcecode.swift; path = ViewController.swift; sourceTree = "<group>"; };
		D37022FF234FDB9600AD1B22 /* Base */ = {isa = PBXFileReference; lastKnownFileType = file.storyboard; name = Base; path = Base.lproj/Main.storyboard; sourceTree = "<group>"; };
		D3702301234FDBCE00AD1B22 /* Assets.xcassets */ = {isa = PBXFileReference; lastKnownFileType = folder.assetcatalog; path = Assets.xcassets; sourceTree = "<group>"; };
		D3702304234FDBCE00AD1B22 /* Base */ = {isa = PBXFileReference; lastKnownFileType = file.storyboard; name = Base; path = Base.lproj/LaunchScreen.storyboard; sourceTree = "<group>"; };
		D3702306234FDBCE00AD1B22 /* Info.plist */ = {isa = PBXFileReference; lastKnownFileType = text.plist.xml; path = Info.plist; sourceTree = "<group>"; };
/* End PBXFileReference section */

/* Begin PBXFrameworksBuildPhase section */
		D37022F2234FDB9300AD1B22 /* Frameworks */ = {
			isa = PBXFrameworksBuildPhase;
			buildActionMask = 2147483647;
			files = (
			);
			runOnlyForDeploymentPostprocessing = 0;
		};
/* End PBXFrameworksBuildPhase section */

/* Begin PBXGroup section */
		D37022EC234FDB9100AD1B22 = {
			isa = PBXGroup;
			children = (
				D37022F7234FDB9500AD1B22 /* Celsiusheit */,
				D37022F6234FDB9500AD1B22 /* Products */,
			);
			sourceTree = "<group>";
		};
		D37022F6234FDB9500AD1B22 /* Products */ = {
			isa = PBXGroup;
			children = (
				D37022F5234FDB9500AD1B22 /* Celsiusheit.app */,
			);
			name = Products;
			sourceTree = "<group>";
		};
		D37022F7234FDB9500AD1B22 /* Celsiusheit */ = {
			isa = PBXGroup;
			children = (
				D37022F8234FDB9500AD1B22 /* AppDelegate.swift */,
				D37022FA234FDB9500AD1B22 /* SceneDelegate.swift */,
				D37022FC234FDB9500AD1B22 /* ViewController.swift */,
				D3702306234FDBCE00AD1B22 /* Info.plist */,
				D3702301234FDBCE00AD1B22 /* Assets.xcassets */,
				D37022FE234FDB9600AD1B22 /* Main.storyboard */,
				D3702303234FDBCE00AD1B22 /* LaunchScreen.storyboard */,
				07C2F9402591371D00CBE864 /* Localizable.strings */,
			);
			path = Celsiusheit;
			sourceTree = "<group>";
		};
/* End PBXGroup section */

/* Begin PBXNativeTarget section */
		D37022F4234FDB9300AD1B22 /* Celsiusheit */ = {
			isa = PBXNativeTarget;
			buildConfigurationList = D3702309234FDBCE00AD1B22 /* Build configuration list for PBXNativeTarget "Celsiusheit" */;
			buildPhases = (
				D37022F1234FDB9300AD1B22 /* Sources */,
				D37022F2234FDB9300AD1B22 /* Frameworks */,
				D37022F3234FDB9300AD1B22 /* Resources */,
			);
			buildRules = (
			);
			dependencies = (
			);
			name = Celsiusheit;
			productName = Celsiusheit;
			productReference = D37022F5234FDB9500AD1B22 /* Celsiusheit.app */;
			productType = "com.apple.product-type.application";
		};
/* End PBXNativeTarget section */

/* Begin PBXProject section */
		D37022ED234FDB9200AD1B22 /* Project object */ = {
			isa = PBXProject;
			attributes = {
				LastSwiftUpdateCheck = 1110;
				LastUpgradeCheck = 1110;
				ORGANIZATIONNAME = UPV;
				TargetAttributes = {
					D37022F4234FDB9300AD1B22 = {
						CreatedOnToolsVersion = 11.1;
					};
				};
			};
			buildConfigurationList = D37022F0234FDB9200AD1B22 /* Build configuration list for PBXProject "Celsiusheit" */;
			compatibilityVersion = "Xcode 9.3";
			developmentRegion = en;
			hasScannedForEncodings = 0;
			knownRegions = (
				en,
				Base,
				"es-419",
			);
			mainGroup = D37022EC234FDB9100AD1B22;
			productRefGroup = D37022F6234FDB9500AD1B22 /* Products */;
			projectDirPath = "";
			projectRoot = "";
			targets = (
				D37022F4234FDB9300AD1B22 /* Celsiusheit */,
			);
		};
/* End PBXProject section */

/* Begin PBXResourcesBuildPhase section */
		D37022F3234FDB9300AD1B22 /* Resources */ = {
			isa = PBXResourcesBuildPhase;
			buildActionMask = 2147483647;
			files = (
				D3702305234FDBCE00AD1B22 /* LaunchScreen.storyboard in Resources */,
				07C2F93E2591371D00CBE864 /* Localizable.strings in Resources */,
				D3702302234FDBCE00AD1B22 /* Assets.xcassets in Resources */,
				D3702300234FDB9600AD1B22 /* Main.storyboard in Resources */,
			);
			runOnlyForDeploymentPostprocessing = 0;
		};
/* End PBXResourcesBuildPhase section */

/* Begin PBXSourcesBuildPhase section */
		D37022F1234FDB9300AD1B22 /* Sources */ = {
			isa = PBXSourcesBuildPhase;
			buildActionMask = 2147483647;
			files = (
				D37022FD234FDB9500AD1B22 /* ViewController.swift in Sources */,
				D37022F9234FDB9500AD1B22 /* AppDelegate.swift in Sources */,
				D37022FB234FDB9500AD1B22 /* SceneDelegate.swift in Sources */,
			);
			runOnlyForDeploymentPostprocessing = 0;
		};
/* End PBXSourcesBuildPhase section */

/* Begin PBXVariantGroup section */
		07C2F9402591371D00CBE864 /* Localizable.strings */ = {
			isa = PBXVariantGroup;
			children = (
				07C2F93F2591371D00CBE864 /* en */,
				07C2F9422591373E00CBE864 /* es-419 */,
			);
			name = Localizable.strings;
			sourceTree = "<group>";
		};
		D37022FE234FDB9600AD1B22 /* Main.storyboard */ = {
			isa = PBXVariantGroup;
			children = (
				D37022FF234FDB9600AD1B22 /* Base */,
				07C2F938259134D600CBE864 /* es-419 */,
				0715ADD925ADFBA100E33AB8 /* en */,
			);
			name = Main.storyboard;
			sourceTree = "<group>";
		};
		D3702303234FDBCE00AD1B22 /* LaunchScreen.storyboard */ = {
			isa = PBXVariantGroup;
			children = (
				D3702304234FDBCE00AD1B22 /* Base */,
				07C2F939259134D600CBE864 /* es-419 */,
			);
			name = LaunchScreen.storyboard;
			sourceTree = "<group>";
		};
/* End PBXVariantGroup section */

/* Begin XCBuildConfiguration section */
		D3702307234FDBCE00AD1B22 /* Debug */ = {
			isa = XCBuildConfiguration;
			buildSettings = {
				ALWAYS_SEARCH_USER_PATHS = NO;
				CLANG_ANALYZER_LOCALIZABILITY_NONLOCALIZED = YES;
				CLANG_ANALYZER_NONNULL = YES;
				CLANG_ANALYZER_NUMBER_OBJECT_CONVERSION = YES_AGGRESSIVE;
				CLANG_CXX_LANGUAGE_STANDARD = "gnu++14";
				CLANG_CXX_LIBRARY = "libc++";
				CLANG_ENABLE_MODULES = YES;
				CLANG_ENABLE_OBJC_ARC = YES;
				CLANG_ENABLE_OBJC_WEAK = YES;
				CLANG_WARN_BLOCK_CAPTURE_AUTORELEASING = YES;
				CLANG_WARN_BOOL_CONVERSION = YES;
				CLANG_WARN_COMMA = YES;
				CLANG_WARN_CONSTANT_CONVERSION = YES;
				CLANG_WARN_DEPRECATED_OBJC_IMPLEMENTATIONS = YES;
				CLANG_WARN_DIRECT_OBJC_ISA_USAGE = YES_ERROR;
				CLANG_WARN_DOCUMENTATION_COMMENTS = YES;
				CLANG_WARN_EMPTY_BODY = YES;
				CLANG_WARN_ENUM_CONVERSION = YES;
				CLANG_WARN_INFINITE_RECURSION = YES;
				CLANG_WARN_INT_CONVERSION = YES;
				CLANG_WARN_NON_LITERAL_NULL_CONVERSION = YES;
				CLANG_WARN_OBJC_IMPLICIT_RETAIN_SELF = YES;
				CLANG_WARN_OBJC_LITERAL_CONVERSION = YES;
				CLANG_WARN_OBJC_ROOT_CLASS = YES_ERROR;
				CLANG_WARN_RANGE_LOOP_ANALYSIS = YES;
				CLANG_WARN_STRICT_PROTOTYPES = YES;
				CLANG_WARN_SUSPICIOUS_MOVE = YES;
				CLANG_WARN_UNGUARDED_AVAILABILITY = YES_AGGRESSIVE;
				CLANG_WARN_UNREACHABLE_CODE = YES;
				CLANG_WARN__DUPLICATE_METHOD_MATCH = YES;
				COPY_PHASE_STRIP = NO;
				DEBUG_INFORMATION_FORMAT = dwarf;
				ENABLE_STRICT_OBJC_MSGSEND = YES;
				ENABLE_TESTABILITY = YES;
				GCC_C_LANGUAGE_STANDARD = gnu11;
				GCC_DYNAMIC_NO_PIC = NO;
				GCC_NO_COMMON_BLOCKS = YES;
				GCC_OPTIMIZATION_LEVEL = 0;
				GCC_PREPROCESSOR_DEFINITIONS = (
					"DEBUG=1",
					"$(inherited)",
				);
				GCC_WARN_64_TO_32_BIT_CONVERSION = YES;
				GCC_WARN_ABOUT_RETURN_TYPE = YES_ERROR;
				GCC_WARN_UNDECLARED_SELECTOR = YES;
				GCC_WARN_UNINITIALIZED_AUTOS = YES_AGGRESSIVE;
				GCC_WARN_UNUSED_FUNCTION = YES;
				GCC_WARN_UNUSED_VARIABLE = YES;
				IPHONEOS_DEPLOYMENT_TARGET = 13.1;
				MTL_ENABLE_DEBUG_INFO = INCLUDE_SOURCE;
				MTL_FAST_MATH = YES;
				ONLY_ACTIVE_ARCH = YES;
				SDKROOT = iphoneos;
				SWIFT_ACTIVE_COMPILATION_CONDITIONS = DEBUG;
				SWIFT_OPTIMIZATION_LEVEL = "-Onone";
			};
			name = Debug;
		};
		D3702308234FDBCE00AD1B22 /* Release */ = {
			isa = XCBuildConfiguration;
			buildSettings = {
				ALWAYS_SEARCH_USER_PATHS = NO;
				CLANG_ANALYZER_LOCALIZABILITY_NONLOCALIZED = YES;
				CLANG_ANALYZER_NONNULL = YES;
				CLANG_ANALYZER_NUMBER_OBJECT_CONVERSION = YES_AGGRESSIVE;
				CLANG_CXX_LANGUAGE_STANDARD = "gnu++14";
				CLANG_CXX_LIBRARY = "libc++";
				CLANG_ENABLE_MODULES = YES;
				CLANG_ENABLE_OBJC_ARC = YES;
				CLANG_ENABLE_OBJC_WEAK = YES;
				CLANG_WARN_BLOCK_CAPTURE_AUTORELEASING = YES;
				CLANG_WARN_BOOL_CONVERSION = YES;
				CLANG_WARN_COMMA = YES;
				CLANG_WARN_CONSTANT_CONVERSION = YES;
				CLANG_WARN_DEPRECATED_OBJC_IMPLEMENTATIONS = YES;
				CLANG_WARN_DIRECT_OBJC_ISA_USAGE = YES_ERROR;
				CLANG_WARN_DOCUMENTATION_COMMENTS = YES;
				CLANG_WARN_EMPTY_BODY = YES;
				CLANG_WARN_ENUM_CONVERSION = YES;
				CLANG_WARN_INFINITE_RECURSION = YES;
				CLANG_WARN_INT_CONVERSION = YES;
				CLANG_WARN_NON_LITERAL_NULL_CONVERSION = YES;
				CLANG_WARN_OBJC_IMPLICIT_RETAIN_SELF = YES;
				CLANG_WARN_OBJC_LITERAL_CONVERSION = YES;
				CLANG_WARN_OBJC_ROOT_CLASS = YES_ERROR;
				CLANG_WARN_RANGE_LOOP_ANALYSIS = YES;
				CLANG_WARN_STRICT_PROTOTYPES = YES;
				CLANG_WARN_SUSPICIOUS_MOVE = YES;
				CLANG_WARN_UNGUARDED_AVAILABILITY = YES_AGGRESSIVE;
				CLANG_WARN_UNREACHABLE_CODE = YES;
				CLANG_WARN__DUPLICATE_METHOD_MATCH = YES;
				COPY_PHASE_STRIP = NO;
				DEBUG_INFORMATION_FORMAT = "dwarf-with-dsym";
				ENABLE_NS_ASSERTIONS = NO;
				ENABLE_STRICT_OBJC_MSGSEND = YES;
				GCC_C_LANGUAGE_STANDARD = gnu11;
				GCC_NO_COMMON_BLOCKS = YES;
				GCC_WARN_64_TO_32_BIT_CONVERSION = YES;
				GCC_WARN_ABOUT_RETURN_TYPE = YES_ERROR;
				GCC_WARN_UNDECLARED_SELECTOR = YES;
				GCC_WARN_UNINITIALIZED_AUTOS = YES_AGGRESSIVE;
				GCC_WARN_UNUSED_FUNCTION = YES;
				GCC_WARN_UNUSED_VARIABLE = YES;
				IPHONEOS_DEPLOYMENT_TARGET = 13.1;
				MTL_ENABLE_DEBUG_INFO = NO;
				MTL_FAST_MATH = YES;
				SDKROOT = iphoneos;
				SWIFT_COMPILATION_MODE = wholemodule;
				SWIFT_OPTIMIZATION_LEVEL = "-O";
				VALIDATE_PRODUCT = YES;
			};
			name = Release;
		};
		D370230A234FDBCE00AD1B22 /* Debug */ = {
			isa = XCBuildConfiguration;
			buildSettings = {
				ASSETCATALOG_COMPILER_APPICON_NAME = AppIcon;
				CODE_SIGN_STYLE = Automatic;
				INFOPLIST_FILE = Celsiusheit/Info.plist;
				LD_RUNPATH_SEARCH_PATHS = (
					"$(inherited)",
					"@executable_path/Frameworks",
				);
				PRODUCT_BUNDLE_IDENTIFIER = es.upv.epsa.Celsiusheit;
				PRODUCT_NAME = "$(TARGET_NAME)";
				SWIFT_VERSION = 5.0;
				TARGETED_DEVICE_FAMILY = "1,2";
			};
			name = Debug;
		};
		D370230B234FDBCE00AD1B22 /* Release */ = {
			isa = XCBuildConfiguration;
			buildSettings = {
				ASSETCATALOG_COMPILER_APPICON_NAME = AppIcon;
				CODE_SIGN_STYLE = Automatic;
				INFOPLIST_FILE = Celsiusheit/Info.plist;
				LD_RUNPATH_SEARCH_PATHS = (
					"$(inherited)",
					"@executable_path/Frameworks",
				);
				PRODUCT_BUNDLE_IDENTIFIER = es.upv.epsa.Celsiusheit;
				PRODUCT_NAME = "$(TARGET_NAME)";
				SWIFT_VERSION = 5.0;
				TARGETED_DEVICE_FAMILY = "1,2";
			};
			name = Release;
		};
/* End XCBuildConfiguration section */

/* Begin XCConfigurationList section */
		D37022F0234FDB9200AD1B22 /* Build configuration list for PBXProject "Celsiusheit" */ = {
			isa = XCConfigurationList;
			buildConfigurations = (
				D3702307234FDBCE00AD1B22 /* Debug */,
				D3702308234FDBCE00AD1B22 /* Release */,
			);
			defaultConfigurationIsVisible = 0;
			defaultConfigurationName = Release;
		};
		D3702309234FDBCE00AD1B22 /* Build configuration list for PBXNativeTarget "Celsiusheit" */ = {
			isa = XCConfigurationList;
			buildConfigurations = (
				D370230A234FDBCE00AD1B22 /* Debug */,
				D370230B234FDBCE00AD1B22 /* Release */,
			);
			defaultConfigurationIsVisible = 0;
			defaultConfigurationName = Release;
		};
/* End XCConfigurationList section */
	};
	rootObject = D37022ED234FDB9200AD1B22 /* Project object */;
}
